
Microsoft Visual Studio Solution File, Format Version 10.00
# Visual C++ Express 2008
Project("{8BC9CEB8-8B4A-11D0-8D11-00A0C91BC942}") = "WPILibTestHarness", "WPILibTestHarness\WPILibTestHarness.vcproj", "{480A3AFE-4578-4A07-B461-691214CAF324}"
EndProject
Project("{8BC9CEB8-8B4A-11D0-8D11-00A0C91BC942}") = "DefaultCode", "DefaultCode\DefaultCode.vcproj", "{0128766F-FB98-4614-B28A-7BDA7A04D9DB}"
EndProject
Project("{8BC9CEB8-8B4A-11D0-8D11-00A0C91BC942}") = "DefaultCode", "DriverStationTest\DriverStationTest.vcproj", "{11A97600-9A0C-44D1-B438-03B4A0CF08EE}"
EndProject
Global
	GlobalSection(SolutionConfigurationPlatforms) = preSolution
		Debug|Win32 = Debug|Win32
		Release|Win32 = Release|Win32
	EndGlobalSection
	GlobalSection(ProjectConfigurationPlatforms) = postSolution
		{480A3AFE-4578-4A07-B461-691214CAF324}.Debug|Win32.ActiveCfg = Debug|Win32
		{480A3AFE-4578-4A07-B461-691214CAF324}.Debug|Win32.Build.0 = Debug|Win32
		{480A3AFE-4578-4A07-B461-691214CAF324}.Release|Win32.ActiveCfg = Release|Win32
		{480A3AFE-4578-4A07-B461-691214CAF324}.Release|Win32.Build.0 = Release|Win32
		{0128766F-FB98-4614-B28A-7BDA7A04D9DB}.Debug|Win32.ActiveCfg = Debug|Win32
		{0128766F-FB98-4614-B28A-7BDA7A04D9DB}.Debug|Win32.Build.0 = Debug|Win32
		{0128766F-FB98-4614-B28A-7BDA7A04D9DB}.Release|Win32.ActiveCfg = Release|Win32
		{0128766F-FB98-4614-B28A-7BDA7A04D9DB}.Release|Win32.Build.0 = Release|Win32
		{11A97600-9A0C-44D1-B438-03B4A0CF08EE}.Debug|Win32.ActiveCfg = Debug|Win32
		{11A97600-9A0C-44D1-B438-03B4A0CF08EE}.Debug|Win32.Build.0 = Debug|Win32
		{11A97600-9A0C-44D1-B438-03B4A0CF08EE}.Release|Win32.ActiveCfg = Release|Win32
		{11A97600-9A0C-44D1-B438-03B4A0CF08EE}.Release|Win32.Build.0 = Release|Win32
	EndGlobalSection
	GlobalSection(SolutionProperties) = preSolution
		HideSolutionNode = FALSE
	EndGlobalSection
EndGlobal
